{
  "name": "how-to-structure-vue-projects",
  "lockfileVersion": 3,
  "requires": true,
  "packages": {
    "": {
      "name": "how-to-structure-vue-projects",
      "devDependencies": {
        "@iconify-json/carbon": "^1.2.13",
        "@iconify-json/logos": "^1.2.9",
        "@iconify-json/vscode-icons": "^1.2.30",
        "@shikijs/engine-javascript": "^3.12.2",
        "@slidev/cli": "^51.6.0",
        "@slidev/theme-default": "latest",
        "@slidev/theme-seriph": "latest",
        "shiki": "^3.12.2",
        "vue": "^3.5.13"
      }
    },
    "../../node_modules/.pnpm/@shikijs+engine-javascript@3.12.2/node_modules/@shikijs/engine-javascript": {
      "version": "3.12.2",
      "dev": true,
      "license": "MIT",
      "dependencies": {
        "@shikijs/types": "3.12.2",
        "@shikijs/vscode-textmate": "^10.0.2",
        "oniguruma-to-es": "^4.3.3"
      }
    },
    "../../node_modules/.pnpm/@slidev+cli@51.8.2_@babel+parser@7.28.4_@nuxt+kit@3.19.2_@types+markdown-it@14.1.2_@types+nod_h7ayvokyaytndp4yglr3sgzc6u/node_modules/@slidev/cli": {
      "version": "51.8.2",
      "dev": true,
      "license": "MIT",
      "dependencies": {
        "@antfu/ni": "^24.4.0",
        "@antfu/utils": "^9.2.0",
        "@iconify-json/carbon": "^1.2.9",
        "@iconify-json/ph": "^1.2.2",
        "@iconify-json/svg-spinners": "^1.2.2",
        "@lillallol/outline-pdf": "^4.0.0",
        "@shikijs/markdown-it": "^3.6.0",
        "@shikijs/twoslash": "^3.6.0",
        "@shikijs/vitepress-twoslash": "^3.6.0",
        "@slidev/client": "51.8.2",
        "@slidev/parser": "51.8.2",
        "@slidev/types": "51.8.2",
        "@unocss/extractor-mdc": "^66.2.0",
        "@unocss/reset": "^66.2.0",
        "@vitejs/plugin-vue": "^5.2.4",
        "@vitejs/plugin-vue-jsx": "^4.2.0",
        "ansis": "^4.1.0",
        "chokidar": "^4.0.3",
        "cli-progress": "^3.12.0",
        "connect": "^3.7.0",
        "debug": "^4.4.1",
        "fast-deep-equal": "^3.1.3",
        "fast-glob": "^3.3.3",
        "get-port-please": "^3.1.2",
        "global-directory": "^4.0.1",
        "htmlparser2": "^10.0.0",
        "is-installed-globally": "^1.0.0",
        "jiti": "^2.4.2",
        "katex": "^0.16.22",
        "local-pkg": "^1.1.1",
        "lz-string": "^1.5.0",
        "magic-string": "^0.30.17",
        "magic-string-stack": "^1.0.0",
        "markdown-it": "^14.1.0",
        "markdown-it-footnote": "^4.0.0",
        "markdown-it-mdc": "^0.2.5",
        "mlly": "^1.7.4",
        "monaco-editor": "^0.52.2",
        "open": "^10.1.2",
        "pdf-lib": "^1.17.1",
        "picomatch": "^4.0.2",
        "plantuml-encoder": "^1.4.0",
        "postcss-nested": "^7.0.2",
        "pptxgenjs": "^4.0.0",
        "prompts": "^2.4.2",
        "public-ip": "^7.0.1",
        "resolve-from": "^5.0.0",
        "resolve-global": "^2.0.0",
        "semver": "^7.7.2",
        "shiki": "^3.6.0",
        "shiki-magic-move": "^1.1.0",
        "sirv": "^3.0.1",
        "source-map-js": "^1.2.1",
        "typescript": "^5.8.3",
        "unhead": "^2.0.10",
        "unocss": "^66.2.0",
        "unplugin-icons": "^22.1.0",
        "unplugin-vue-components": "^28.7.0",
        "unplugin-vue-markdown": "^28.3.1",
        "untun": "^0.1.3",
        "uqr": "^0.1.2",
        "vite": "^6.3.5",
        "vite-plugin-inspect": "^11.1.0",
        "vite-plugin-remote-assets": "^2.0.0",
        "vite-plugin-static-copy": "^3.0.0",
        "vite-plugin-vue-server-ref": "^1.0.0",
        "vitefu": "^1.0.6",
        "vue": "^3.5.16",
        "yaml": "^2.8.0",
        "yargs": "^17.7.2"
      },
      "bin": {
        "slidev": "bin/slidev.mjs"
      },
      "devDependencies": {
        "@hedgedoc/markdown-it-plugins": "^2.1.4",
        "@types/picomatch": "^4.0.0",
        "@types/plantuml-encoder": "^1.4.2"
      },
      "engines": {
        "node": ">=18.0.0"
      },
      "funding": {
        "url": "https://github.com/sponsors/antfu"
      },
      "peerDependencies": {
        "playwright-chromium": "^1.10.0"
      },
      "peerDependenciesMeta": {
        "playwright-chromium": {
          "optional": true
        }
      }
    },
    "../../node_modules/.pnpm/shiki@3.12.2/node_modules/shiki": {
      "version": "3.12.2",
      "dev": true,
      "license": "MIT",
      "dependencies": {
        "@shikijs/core": "3.12.2",
        "@shikijs/engine-javascript": "3.12.2",
        "@shikijs/engine-oniguruma": "3.12.2",
        "@shikijs/langs": "3.12.2",
        "@shikijs/themes": "3.12.2",
        "@shikijs/types": "3.12.2",
        "@shikijs/vscode-textmate": "^10.0.2",
        "@types/hast": "^3.0.4"
      },
      "devDependencies": {
        "rollup-plugin-copy": "^3.5.0",
        "tm-grammars": "^1.24.8",
        "tm-themes": "^1.10.9",
        "vscode-oniguruma": "1.7.0"
      }
    },
    "../../node_modules/.pnpm/vue@3.5.21_typescript@5.9.2/node_modules/vue": {
      "version": "3.5.21",
      "dev": true,
      "license": "MIT",
      "dependencies": {
        "@vue/compiler-dom": "3.5.21",
        "@vue/compiler-sfc": "3.5.21",
        "@vue/runtime-dom": "3.5.21",
        "@vue/server-renderer": "3.5.21",
        "@vue/shared": "3.5.21"
      },
      "peerDependencies": {
        "typescript": "*"
      },
      "peerDependenciesMeta": {
        "typescript": {
          "optional": true
        }
      }
    },
    "node_modules/@iconify-json/carbon": {
      "version": "1.2.13",
      "resolved": "https://registry.npmjs.org/@iconify-json/carbon/-/carbon-1.2.13.tgz",
      "integrity": "sha512-vXrFFKkfYaZSwf4WfnRQJQMnpEzxlPlupwZZlS1WvOAuNnWahsUudHycaMpoBzDqBfniH4KQ2b5qnw0VMKoJug==",
      "dev": true,
      "dependencies": {
        "@iconify/types": "*"
      }
    },
    "node_modules/@iconify-json/logos": {
      "version": "1.2.9",
      "resolved": "https://registry.npmjs.org/@iconify-json/logos/-/logos-1.2.9.tgz",
      "integrity": "sha512-G6VCdFnwZcrT6Eveq3m43oJfLw/CX8plwFcE+2jgv3fiGB64pTmnU7Yd1MNZ/eA+/Re2iEDhuCfSNOWTHwwK8w==",
      "dev": true,
      "dependencies": {
        "@iconify/types": "*"
      }
    },
    "node_modules/@iconify-json/vscode-icons": {
      "version": "1.2.30",
      "resolved": "https://registry.npmjs.org/@iconify-json/vscode-icons/-/vscode-icons-1.2.30.tgz",
      "integrity": "sha512-dlTOc8w4a8/QNumZzMve+APJa6xQVXPZwo8qBk/MaYfY42NPrQT83QXkbTWKDkuEu/xgHPXvKZZBL7Yy12vYQw==",
      "dev": true,
      "dependencies": {
        "@iconify/types": "*"
      }
    },
    "node_modules/@iconify/types": {
      "version": "2.0.0",
      "resolved": "https://registry.npmjs.org/@iconify/types/-/types-2.0.0.tgz",
      "integrity": "sha512-+wluvCrRhXrhyOmRDJ3q8mux9JkKy5SJ/v8ol2tu4FVjyYvtEzkc/3pK15ET6RKg4b4w4BmTk1+gsCUhf21Ykg==",
      "dev": true
    },
    "node_modules/@shikijs/engine-javascript": {
      "resolved": "../../node_modules/.pnpm/@shikijs+engine-javascript@3.12.2/node_modules/@shikijs/engine-javascript",
      "link": true
    },
    "node_modules/@slidev/cli": {
      "resolved": "../../node_modules/.pnpm/@slidev+cli@51.8.2_@babel+parser@7.28.4_@nuxt+kit@3.19.2_@types+markdown-it@14.1.2_@types+nod_h7ayvokyaytndp4yglr3sgzc6u/node_modules/@slidev/cli",
      "link": true
    },
    "node_modules/@slidev/theme-default": {
      "version": "0.25.0",
      "resolved": "https://registry.npmjs.org/@slidev/theme-default/-/theme-default-0.25.0.tgz",
      "integrity": "sha512-iWvthH1Ny+i6gTwRnEeeU+EiqsHC56UdEO45bqLSNmymRAOWkKUJ/M0o7iahLzHSXsiPu71B7C715WxqjXk2hw==",
      "dev": true,
      "dependencies": {
        "@slidev/types": "^0.47.0",
        "codemirror-theme-vars": "^0.1.2",
        "prism-theme-vars": "^0.2.4"
      },
      "engines": {
        "node": ">=14.0.0",
        "slidev": ">=v0.47.0"
      },
      "funding": {
        "url": "https://github.com/sponsors/antfu"
      }
    },
    "node_modules/@slidev/theme-seriph": {
      "version": "0.25.0",
      "resolved": "https://registry.npmjs.org/@slidev/theme-seriph/-/theme-seriph-0.25.0.tgz",
      "integrity": "sha512-PnFQbn4I70+/cVie5iAr0Im6sYvnwjkO7Yj5KonTyJZFFJFytckLTrD3ijft/J4cRnz7OmSzTyQKNX1FN/x0YQ==",
      "dev": true,
      "dependencies": {
        "@slidev/types": "^0.47.0",
        "codemirror-theme-vars": "^0.1.2",
        "prism-theme-vars": "^0.2.4"
      },
      "engines": {
        "node": ">=14.0.0",
        "slidev": ">=v0.47.0"
      },
      "funding": {
        "url": "https://github.com/sponsors/antfu"
      }
    },
    "node_modules/@slidev/types": {
      "version": "0.47.5",
      "resolved": "https://registry.npmjs.org/@slidev/types/-/types-0.47.5.tgz",
      "integrity": "sha512-X67V4cCgM0Sz50bP8GbVzmiL8DHC2IXvdKcsN7DlxHyf+/T4d9GveeGukwha5Fx3MuYeGZWKag7TFL2ZY4w54A==",
      "dev": true,
      "engines": {
        "node": ">=18.0.0"
      },
      "funding": {
        "url": "https://github.com/sponsors/antfu"
      }
    },
    "node_modules/codemirror-theme-vars": {
      "version": "0.1.2",
      "resolved": "https://registry.npmjs.org/codemirror-theme-vars/-/codemirror-theme-vars-0.1.2.tgz",
      "integrity": "sha512-WTau8X2q58b0SOAY9DO+iQVw8JKVEgyQIqArp2D732tcc+pobbMta3bnVMdQdmgwuvNrOFFr6HoxPRoQOgooFA==",
      "dev": true,
      "funding": {
        "url": "https://github.com/sponsors/antfu"
      }
    },
    "node_modules/prism-theme-vars": {
      "version": "0.2.5",
      "resolved": "https://registry.npmjs.org/prism-theme-vars/-/prism-theme-vars-0.2.5.tgz",
      "integrity": "sha512-/D8gBTScYzi9afwE6v3TC1U/1YFZ6k+ly17mtVRdLpGy7E79YjJJWkXFgUDHJ2gDksV/ZnXF7ydJ4TvoDm2z/Q==",
      "dev": true,
      "funding": {
        "url": "https://github.com/sponsors/antfu"
      }
    },
    "node_modules/shiki": {
      "resolved": "../../node_modules/.pnpm/shiki@3.12.2/node_modules/shiki",
      "link": true
    },
    "node_modules/vue": {
      "resolved": "../../node_modules/.pnpm/vue@3.5.21_typescript@5.9.2/node_modules/vue",
      "link": true
    }
  }
}
